
Microsoft Visual Studio Solution File, Format Version 12.00
# Visual Studio 2013
VisualStudioVersion = 12.0.21005.1
MinimumVisualStudioVersion = 10.0.40219.1
Project("{FAE04EC0-301F-11D3-BF4B-00C04F79EFBC}") = "Lesson1", "Group15\Lesson1.csproj", "{44A0DEE6-775C-4ACB-BCDE-F640E68C295C}"
EndProject
Project("{FAE04EC0-301F-11D3-BF4B-00C04F79EFBC}") = "Lesson2", "Lesson2\Lesson2.csproj", "{92C72E1F-50B7-4AB8-B9B1-2A4475D717BB}"
EndProject
Project("{FAE04EC0-301F-11D3-BF4B-00C04F79EFBC}") = "Lesson3", "Lesson3\Lesson3.csproj", "{BB24D736-A889-4735-A15E-16C1F80CECDB}"
EndProject
Global
	GlobalSection(SolutionConfigurationPlatforms) = preSolution
		Debug|Any CPU = Debug|Any CPU
		Release|Any CPU = Release|Any CPU
	EndGlobalSection
	GlobalSection(ProjectConfigurationPlatforms) = postSolution
		{44A0DEE6-775C-4ACB-BCDE-F640E68C295C}.Debug|Any CPU.ActiveCfg = Debug|Any CPU
		{44A0DEE6-775C-4ACB-BCDE-F640E68C295C}.Debug|Any CPU.Build.0 = Debug|Any CPU
		{44A0DEE6-775C-4ACB-BCDE-F640E68C295C}.Release|Any CPU.ActiveCfg = Release|Any CPU
		{44A0DEE6-775C-4ACB-BCDE-F640E68C295C}.Release|Any CPU.Build.0 = Release|Any CPU
		{92C72E1F-50B7-4AB8-B9B1-2A4475D717BB}.Debug|Any CPU.ActiveCfg = Debug|Any CPU
		{92C72E1F-50B7-4AB8-B9B1-2A4475D717BB}.Debug|Any CPU.Build.0 = Debug|Any CPU
		{92C72E1F-50B7-4AB8-B9B1-2A4475D717BB}.Release|Any CPU.ActiveCfg = Release|Any CPU
		{92C72E1F-50B7-4AB8-B9B1-2A4475D717BB}.Release|Any CPU.Build.0 = Release|Any CPU
		{BB24D736-A889-4735-A15E-16C1F80CECDB}.Debug|Any CPU.ActiveCfg = Debug|Any CPU
		{BB24D736-A889-4735-A15E-16C1F80CECDB}.Debug|Any CPU.Build.0 = Debug|Any CPU
		{BB24D736-A889-4735-A15E-16C1F80CECDB}.Release|Any CPU.ActiveCfg = Release|Any CPU
		{BB24D736-A889-4735-A15E-16C1F80CECDB}.Release|Any CPU.Build.0 = Release|Any CPU
	EndGlobalSection
	GlobalSection(SolutionProperties) = preSolution
		HideSolutionNode = FALSE
	EndGlobalSection
EndGlobal
